
Microsoft Visual Studio Solution File, Format Version 12.00
# Visual Studio Version 16
VisualStudioVersion = 16.0.31515.178
MinimumVisualStudioVersion = 10.0.40219.1
Project("{FAE04EC0-301F-11D3-BF4B-00C04F79EFBC}") = "PCalculadora", "PCalculadora\PCalculadora.csproj", "{28554830-C34F-41E1-A3D7-B6F212CBBC36}"
EndProject
Global
	GlobalSection(SolutionConfigurationPlatforms) = preSolution
		Debug|Any CPU = Debug|Any CPU
		Release|Any CPU = Release|Any CPU
	EndGlobalSection
	GlobalSection(ProjectConfigurationPlatforms) = postSolution
		{28554830-C34F-41E1-A3D7-B6F212CBBC36}.Debug|Any CPU.ActiveCfg = Debug|Any CPU
		{28554830-C34F-41E1-A3D7-B6F212CBBC36}.Debug|Any CPU.Build.0 = Debug|Any CPU
		{28554830-C34F-41E1-A3D7-B6F212CBBC36}.Release|Any CPU.ActiveCfg = Release|Any CPU
		{28554830-C34F-41E1-A3D7-B6F212CBBC36}.Release|Any CPU.Build.0 = Release|Any CPU
	EndGlobalSection
	GlobalSection(SolutionProperties) = preSolution
		HideSolutionNode = FALSE
	EndGlobalSection
	GlobalSection(ExtensibilityGlobals) = postSolution
		SolutionGuid = {D8E7FCC3-8709-4386-98BC-46228267ED8D}
	EndGlobalSection
EndGlobal
